{
  "lockfile-version": 1,
  "manifest": {
    "schema-version": "1.11.0",
    "install": {
      "d2": {
        "pkg-path": "d2"
      },
      "jdk21": {
        "pkg-path": "jdk21"
      },
      "tlaplus": {
        "pkg-path": "tlaplus"
      }
    },
    "hook": {},
    "profile": {},
    "options": {}
  },
  "packages": [
    {
      "attr_path": "d2",
      "broken": false,
      "derivation": "/nix/store/g0by1n0qip2fi9r7g1qjc9xbagpg62aw-d2-0.7.1.drv",
      "description": "Modern diagram scripting language that turns text to diagrams",
      "install_id": "d2",
      "license": "MPL-2.0",
      "locked_url": "https://github.com/flox/nixpkgs?rev=b12141ef619e0a9c1c84dc8c684040326f27cdcc",
      "name": "d2-0.7.1",
      "pname": "d2",
      "rev": "b12141ef619e0a9c1c84dc8c684040326f27cdcc",
      "rev_count": 982522,
      "rev_date": "2026-04-18T21:33:21Z",
      "scrape_date": "2026-04-21T06:03:20.247507Z",
      "stabilities": [
        "unstable"
      ],
      "unfree": false,
      "version": "0.7.1",
      "outputs_to_install": [
        "out"
      ],
      "outputs": {
        "out": "/nix/store/97kgl4xypf3svnmpwbmc40rkryiw7amg-d2-0.7.1"
      },
      "system": "aarch64-darwin",
      "group": "toplevel",
      "priority": 5
    },
    {
      "attr_path": "d2",
      "broken": false,
      "derivation": "/nix/store/ska70x701l9m9m95516sc6dx014g0xyn-d2-0.7.1.drv",
      "description": "Modern diagram scripting language that turns text to diagrams",
      "install_id": "d2",
      "license": "MPL-2.0",
      "locked_url": "https://github.com/flox/nixpkgs?rev=b12141ef619e0a9c1c84dc8c684040326f27cdcc",
      "name": "d2-0.7.1",
      "pname": "d2",
      "rev": "b12141ef619e0a9c1c84dc8c684040326f27cdcc",
      "rev_count": 982522,
      "rev_date": "2026-04-18T21:33:21Z",
      "scrape_date": "2026-04-21T06:36:37.703520Z",
      "stabilities": [
        "unstable"
      ],
      "unfree": false,
      "version": "0.7.1",
      "outputs_to_install": [
        "out"
      ],
      "outputs": {
        "out": "/nix/store/c5xafs44aj5lwz759796fc61bsc27g2j-d2-0.7.1"
      },
      "system": "aarch64-linux",
      "group": "toplevel",
      "priority": 5
    },
    {
      "attr_path": "d2",
      "broken": false,
      "derivation": "/nix/store/kn6kq984q3m5q884aq27hv2yzp57qn36-d2-0.7.1.drv",
      "description": "Modern diagram scripting language that turns text to diagrams",
      "install_id": "d2",
      "license": "MPL-2.0",
      "locked_url": "https://github.com/flox/nixpkgs?rev=b12141ef619e0a9c1c84dc8c684040326f27cdcc",
      "name": "d2-0.7.1",
      "pname": "d2",
      "rev": "b12141ef619e0a9c1c84dc8c684040326f27cdcc",
      "rev_count": 982522,
      "rev_date": "2026-04-18T21:33:21Z",
      "scrape_date": "2026-04-21T07:08:12.024400Z",
      "stabilities": [
        "unstable"
      ],
      "unfree": false,
      "version": "0.7.1",
      "outputs_to_install": [
        "out"
      ],
      "outputs": {
        "out": "/nix/store/rag5k902jmdhrpvadp2w40vwd7dmn118-d2-0.7.1"
      },
      "system": "x86_64-darwin",
      "group": "toplevel",
      "priority": 5
    },
    {
      "attr_path": "d2",
      "broken": false,
      "derivation": "/nix/store/rdl31w8i4j91lck67y5p5cv2bhllwzj9-d2-0.7.1.drv",
      "description": "Modern diagram scripting language that turns text to diagrams",
      "install_id": "d2",
      "license": "MPL-2.0",
      "locked_url": "https://github.com/flox/nixpkgs?rev=b12141ef619e0a9c1c84dc8c684040326f27cdcc",
      "name": "d2-0.7.1",
      "pname": "d2",
      "rev": "b12141ef619e0a9c1c84dc8c684040326f27cdcc",
      "rev_count": 982522,
      "rev_date": "2026-04-18T21:33:21Z",
      "scrape_date": "2026-04-21T07:44:39.987827Z",
      "stabilities": [
        "unstable"
      ],
      "unfree": false,
      "version": "0.7.1",
      "outputs_to_install": [
        "out"
      ],
      "outputs": {
        "out": "/nix/store/d8w1acp6pbxw6w7c32z2xywn0h7wx100-d2-0.7.1"
      },
      "system": "x86_64-linux",
      "group": "toplevel",
      "priority": 5
    },
    {
      "attr_path": "jdk21",
      "broken": false,
      "derivation": "/nix/store/hm5ja70cy6a07vddifl8yyasdsrqmv2h-zulu-ca-jdk-21.0.8.drv",
      "description": "Certified builds of OpenJDK",
      "install_id": "jdk21",
      "license": "GPL-2.0-only",
      "locked_url": "https://github.com/flox/nixpkgs?rev=b12141ef619e0a9c1c84dc8c684040326f27cdcc",
      "name": "zulu-ca-jdk-21.0.8",
      "pname": "jdk21",
      "rev": "b12141ef619e0a9c1c84dc8c684040326f27cdcc",
      "rev_count": 982522,
      "rev_date": "2026-04-18T21:33:21Z",
      "scrape_date": "2026-04-21T06:03:36.104857Z",
      "stabilities": [
        "unstable"
      ],
      "unfree": false,
      "version": "21.0.8",
      "outputs_to_install": [
        "out"
      ],
      "outputs": {
        "out": "/nix/store/z6sy07psaxfanyd700hxsmig3zn0wxpx-zulu-ca-jdk-21.0.8"
      },
      "system": "aarch64-darwin",
      "group": "toplevel",
      "priority": 5
    },
    {
      "attr_path": "jdk21",
      "broken": false,
      "derivation": "/nix/store/im7lrvn459pfji03pmfhn34q1y0s4xgb-openjdk-21.0.10+7.drv",
      "description": "Open-source Java Development Kit",
      "install_id": "jdk21",
      "license": "GPL-2.0-only",
      "locked_url": "https://github.com/flox/nixpkgs?rev=b12141ef619e0a9c1c84dc8c684040326f27cdcc",
      "name": "openjdk-21.0.10+7",
      "pname": "jdk21",
      "rev": "b12141ef619e0a9c1c84dc8c684040326f27cdcc",
      "rev_count": 982522,
      "rev_date": "2026-04-18T21:33:21Z",
      "scrape_date": "2026-04-21T06:36:58.377537Z",
      "stabilities": [
        "unstable"
      ],
      "unfree": false,
      "version": "21.0.10+7",
      "outputs_to_install": [
        "out",
        "out"
      ],
      "outputs": {
        "debug": "/nix/store/8byahby6s6rkx28ng1vnyh6dfxinnr5w-openjdk-21.0.10+7-debug",
        "out": "/nix/store/nsjy736drsfnp0g5i1z413pwsz1n88gs-openjdk-21.0.10+7"
      },
      "system": "aarch64-linux",
      "group": "toplevel",
      "priority": 5
    },
    {
      "attr_path": "jdk21",
      "broken": false,
      "derivation": "/nix/store/wjgnyjyyj37263jxr5y29p48qw8ag3b0-zulu-ca-jdk-21.0.8.drv",
      "description": "Certified builds of OpenJDK",
      "install_id": "jdk21",
      "license": "GPL-2.0-only",
      "locked_url": "https://github.com/flox/nixpkgs?rev=b12141ef619e0a9c1c84dc8c684040326f27cdcc",
      "name": "zulu-ca-jdk-21.0.8",
      "pname": "jdk21",
      "rev": "b12141ef619e0a9c1c84dc8c684040326f27cdcc",
      "rev_count": 982522,
      "rev_date": "2026-04-18T21:33:21Z",
      "scrape_date": "2026-04-21T07:08:28.545760Z",
      "stabilities": [
        "unstable"
      ],
      "unfree": false,
      "version": "21.0.8",
      "outputs_to_install": [
        "out"
      ],
      "outputs": {
        "out": "/nix/store/rd9lrhvl2qfp7z9c85xj2k0ak2f5q7d0-zulu-ca-jdk-21.0.8"
      },
      "system": "x86_64-darwin",
      "group": "toplevel",
      "priority": 5
    },
    {
      "attr_path": "jdk21",
      "broken": false,
      "derivation": "/nix/store/19mq6424wpzx7cx4mnzlb4c5qrrh2ja3-openjdk-21.0.10+7.drv",
      "description": "Open-source Java Development Kit",
      "install_id": "jdk21",
      "license": "GPL-2.0-only",
      "locked_url": "https://github.com/flox/nixpkgs?rev=b12141ef619e0a9c1c84dc8c684040326f27cdcc",
      "name": "openjdk-21.0.10+7",
      "pname": "jdk21",
      "rev": "b12141ef619e0a9c1c84dc8c684040326f27cdcc",
      "rev_count": 982522,
      "rev_date": "2026-04-18T21:33:21Z",
      "scrape_date": "2026-04-21T07:45:02.178137Z",
      "stabilities": [
        "unstable"
      ],
      "unfree": false,
      "version": "21.0.10+7",
      "outputs_to_install": [
        "out",
        "out"
      ],
      "outputs": {
        "debug": "/nix/store/dxzpjpy67jc4630dfmpn6nixgrf5mab5-openjdk-21.0.10+7-debug",
        "out": "/nix/store/kiaiabxhnl2a15zpiamqvg13wfx1ikal-openjdk-21.0.10+7"
      },
      "system": "x86_64-linux",
      "group": "toplevel",
      "priority": 5
    },
    {
      "attr_path": "tlaplus",
      "broken": false,
      "derivation": "/nix/store/jv41dczddjr8gb5wmnyqqcyxn6shsy8j-tlaplus-1.7.4.drv",
      "description": "Algorithm specification language with model checking tools",
      "install_id": "tlaplus",
      "license": "MIT",
      "locked_url": "https://github.com/flox/nixpkgs?rev=b12141ef619e0a9c1c84dc8c684040326f27cdcc",
      "name": "tlaplus-1.7.4",
      "pname": "tlaplus",
      "rev": "b12141ef619e0a9c1c84dc8c684040326f27cdcc",
      "rev_count": 982522,
      "rev_date": "2026-04-18T21:33:21Z",
      "scrape_date": "2026-04-21T06:05:30.851985Z",
      "stabilities": [
        "unstable"
      ],
      "unfree": false,
      "version": "1.7.4",
      "outputs_to_install": [
        "out"
      ],
      "outputs": {
        "out": "/nix/store/k03d2jv06dykig7ymy4619gn6flw2zlq-tlaplus-1.7.4"
      },
      "system": "aarch64-darwin",
      "group": "toplevel",
      "priority": 5
    },
    {
      "attr_path": "tlaplus",
      "broken": false,
      "derivation": "/nix/store/iv6pdiqp9m0haibpwbjdy7a5b3rgafz7-tlaplus-1.7.4.drv",
      "description": "Algorithm specification language with model checking tools",
      "install_id": "tlaplus",
      "license": "MIT",
      "locked_url": "https://github.com/flox/nixpkgs?rev=b12141ef619e0a9c1c84dc8c684040326f27cdcc",
      "name": "tlaplus-1.7.4",
      "pname": "tlaplus",
      "rev": "b12141ef619e0a9c1c84dc8c684040326f27cdcc",
      "rev_count": 982522,
      "rev_date": "2026-04-18T21:33:21Z",
      "scrape_date": "2026-04-21T06:39:34.120832Z",
      "stabilities": [
        "unstable"
      ],
      "unfree": false,
      "version": "1.7.4",
      "outputs_to_install": [
        "out"
      ],
      "outputs": {
        "out": "/nix/store/ibb4iz5wrys8vx7833smjfb54z7qkpjh-tlaplus-1.7.4"
      },
      "system": "aarch64-linux",
      "group": "toplevel",
      "priority": 5
    },
    {
      "attr_path": "tlaplus",
      "broken": false,
      "derivation": "/nix/store/rmh3wrjvl1406bfczrf2h7lzbd49s83y-tlaplus-1.7.4.drv",
      "description": "Algorithm specification language with model checking tools",
      "install_id": "tlaplus",
      "license": "MIT",
      "locked_url": "https://github.com/flox/nixpkgs?rev=b12141ef619e0a9c1c84dc8c684040326f27cdcc",
      "name": "tlaplus-1.7.4",
      "pname": "tlaplus",
      "rev": "b12141ef619e0a9c1c84dc8c684040326f27cdcc",
      "rev_count": 982522,
      "rev_date": "2026-04-18T21:33:21Z",
      "scrape_date": "2026-04-21T07:10:26.550922Z",
      "stabilities": [
        "unstable"
      ],
      "unfree": false,
      "version": "1.7.4",
      "outputs_to_install": [
        "out"
      ],
      "outputs": {
        "out": "/nix/store/qrbdzwd4i64iwsi01y8ysmmxgb7yj1ln-tlaplus-1.7.4"
      },
      "system": "x86_64-darwin",
      "group": "toplevel",
      "priority": 5
    },
    {
      "attr_path": "tlaplus",
      "broken": false,
      "derivation": "/nix/store/xhakwnj8nngf2palcjmnmz356z8v5mmx-tlaplus-1.7.4.drv",
      "description": "Algorithm specification language with model checking tools",
      "install_id": "tlaplus",
      "license": "MIT",
      "locked_url": "https://github.com/flox/nixpkgs?rev=b12141ef619e0a9c1c84dc8c684040326f27cdcc",
      "name": "tlaplus-1.7.4",
      "pname": "tlaplus",
      "rev": "b12141ef619e0a9c1c84dc8c684040326f27cdcc",
      "rev_count": 982522,
      "rev_date": "2026-04-18T21:33:21Z",
      "scrape_date": "2026-04-21T07:47:49.981383Z",
      "stabilities": [
        "unstable"
      ],
      "unfree": false,
      "version": "1.7.4",
      "outputs_to_install": [
        "out"
      ],
      "outputs": {
        "out": "/nix/store/3idpyx0g15y555f6kx7h7a3kjyra9rf1-tlaplus-1.7.4"
      },
      "system": "x86_64-linux",
      "group": "toplevel",
      "priority": 5
    }
  ]
}
